// !$*UTF8*$!
{
	archiveVersion = 1;
	classes = {
	};
	objectVersion = 55;
	objects = {

/* Begin PBXBuildFile section */
		6027DD0827D8C589006EBC1B /* main.cpp in Sources */ = {isa = PBXBuildFile; fileRef = 6027DD0727D8C589006EBC1B /* main.cpp */; };
		6035EE0E27E0899D005E34E5 /* main.cpp in Sources */ = {isa = PBXBuildFile; fileRef = 6035EE0D27E0899D005E34E5 /* main.cpp */; };
		6052474D27DE324000803118 /* main.cpp in Sources */ = {isa = PBXBuildFile; fileRef = 6052474C27DE324000803118 /* main.cpp */; };
		607F0A5427DB6D5400D4A597 /* main.cpp in Sources */ = {isa = PBXBuildFile; fileRef = 607F0A5327DB6D5400D4A597 /* main.cpp */; };
		607F0A5F27DB7B3600D4A597 /* main.cpp in Sources */ = {isa = PBXBuildFile; fileRef = 607F0A5E27DB7B3600D4A597 /* main.cpp */; };
		608520D827D9B15B00234956 /* main.cpp in Sources */ = {isa = PBXBuildFile; fileRef = 608520D727D9B15B00234956 /* main.cpp */; };
		608F63AC27E2C64400E48E76 /* main.cpp in Sources */ = {isa = PBXBuildFile; fileRef = 608F63AB27E2C64400E48E76 /* main.cpp */; };
		6097462627D62F1C008E494A /* main.cpp in Sources */ = {isa = PBXBuildFile; fileRef = 6097462527D62F1C008E494A /* main.cpp */; };
		6097463127D62F77008E494A /* main.cpp in Sources */ = {isa = PBXBuildFile; fileRef = 6097463027D62F77008E494A /* main.cpp */; };
		6098CE9A27E1A4FD00FDA8A5 /* main.cpp in Sources */ = {isa = PBXBuildFile; fileRef = 6098CE9927E1A4FD00FDA8A5 /* main.cpp */; };
		6098CEA527E1A9F100FDA8A5 /* main.cpp in Sources */ = {isa = PBXBuildFile; fileRef = 6098CEA427E1A9F100FDA8A5 /* main.cpp */; };
		60A485AD27E0515A00ECBC34 /* main.cpp in Sources */ = {isa = PBXBuildFile; fileRef = 60A485AC27E0515A00ECBC34 /* main.cpp */; };
		60A485B827E053F900ECBC34 /* main.cpp in Sources */ = {isa = PBXBuildFile; fileRef = 60A485B727E053F900ECBC34 /* main.cpp */; };
		60A485C327E05C1500ECBC34 /* main.cpp in Sources */ = {isa = PBXBuildFile; fileRef = 60A485C227E05C1500ECBC34 /* main.cpp */; };
		60A485CE27E0631600ECBC34 /* main.cpp in Sources */ = {isa = PBXBuildFile; fileRef = 60A485CD27E0631600ECBC34 /* main.cpp */; };
		60A485D927E0676700ECBC34 /* main.cpp in Sources */ = {isa = PBXBuildFile; fileRef = 60A485D827E0676700ECBC34 /* main.cpp */; };
		60A485E427E0762B00ECBC34 /* main.cpp in Sources */ = {isa = PBXBuildFile; fileRef = 60A485E327E0762B00ECBC34 /* main.cpp */; };
		60B8C59B27DF1599004F9E7C /* main.cpp in Sources */ = {isa = PBXBuildFile; fileRef = 60B8C59A27DF1599004F9E7C /* main.cpp */; };
		60F2E2E627DCD1490005B71E /* main.cpp in Sources */ = {isa = PBXBuildFile; fileRef = 60F2E2E527DCD1490005B71E /* main.cpp */; };
/* End PBXBuildFile section */

/* Begin PBXCopyFilesBuildPhase section */
		6027DD0327D8C589006EBC1B /* CopyFiles */ = {
			isa = PBXCopyFilesBuildPhase;
			buildActionMask = 2147483647;
			dstPath = /usr/share/man/man1/;
			dstSubfolderSpec = 0;
			files = (
			);
			runOnlyForDeploymentPostprocessing = 1;
		};
		6035EE0927E0899C005E34E5 /* CopyFiles */ = {
			isa = PBXCopyFilesBuildPhase;
			buildActionMask = 2147483647;
			dstPath = /usr/share/man/man1/;
			dstSubfolderSpec = 0;
			files = (
			);
			runOnlyForDeploymentPostprocessing = 1;
		};
		6052474827DE324000803118 /* CopyFiles */ = {
			isa = PBXCopyFilesBuildPhase;
			buildActionMask = 2147483647;
			dstPath = /usr/share/man/man1/;
			dstSubfolderSpec = 0;
			files = (
			);
			runOnlyForDeploymentPostprocessing = 1;
		};
		607F0A4F27DB6D5400D4A597 /* CopyFiles */ = {
			isa = PBXCopyFilesBuildPhase;
			buildActionMask = 2147483647;
			dstPath = /usr/share/man/man1/;
			dstSubfolderSpec = 0;
			files = (
			);
			runOnlyForDeploymentPostprocessing = 1;
		};
		607F0A5A27DB7B3600D4A597 /* CopyFiles */ = {
			isa = PBXCopyFilesBuildPhase;
			buildActionMask = 2147483647;
			dstPath = /usr/share/man/man1/;
			dstSubfolderSpec = 0;
			files = (
			);
			runOnlyForDeploymentPostprocessing = 1;
		};
		608520D327D9B15B00234956 /* CopyFiles */ = {
			isa = PBXCopyFilesBuildPhase;
			buildActionMask = 2147483647;
			dstPath = /usr/share/man/man1/;
			dstSubfolderSpec = 0;
			files = (
			);
			runOnlyForDeploymentPostprocessing = 1;
		};
		608F63A727E2C64400E48E76 /* CopyFiles */ = {
			isa = PBXCopyFilesBuildPhase;
			buildActionMask = 2147483647;
			dstPath = /usr/share/man/man1/;
			dstSubfolderSpec = 0;
			files = (
			);
			runOnlyForDeploymentPostprocessing = 1;
		};
		6097462127D62F1C008E494A /* CopyFiles */ = {
			isa = PBXCopyFilesBuildPhase;
			buildActionMask = 2147483647;
			dstPath = /usr/share/man/man1/;
			dstSubfolderSpec = 0;
			files = (
			);
			runOnlyForDeploymentPostprocessing = 1;
		};
		6097462C27D62F77008E494A /* CopyFiles */ = {
			isa = PBXCopyFilesBuildPhase;
			buildActionMask = 2147483647;
			dstPath = /usr/share/man/man1/;
			dstSubfolderSpec = 0;
			files = (
			);
			runOnlyForDeploymentPostprocessing = 1;
		};
		6098CE9527E1A4FD00FDA8A5 /* CopyFiles */ = {
			isa = PBXCopyFilesBuildPhase;
			buildActionMask = 2147483647;
			dstPath = /usr/share/man/man1/;
			dstSubfolderSpec = 0;
			files = (
			);
			runOnlyForDeploymentPostprocessing = 1;
		};
		6098CEA027E1A9F100FDA8A5 /* CopyFiles */ = {
			isa = PBXCopyFilesBuildPhase;
			buildActionMask = 2147483647;
			dstPath = /usr/share/man/man1/;
			dstSubfolderSpec = 0;
			files = (
			);
			runOnlyForDeploymentPostprocessing = 1;
		};
		60A485A827E0515A00ECBC34 /* CopyFiles */ = {
			isa = PBXCopyFilesBuildPhase;
			buildActionMask = 2147483647;
			dstPath = /usr/share/man/man1/;
			dstSubfolderSpec = 0;
			files = (
			);
			runOnlyForDeploymentPostprocessing = 1;
		};
		60A485B327E053F900ECBC34 /* CopyFiles */ = {
			isa = PBXCopyFilesBuildPhase;
			buildActionMask = 2147483647;
			dstPath = /usr/share/man/man1/;
			dstSubfolderSpec = 0;
			files = (
			);
			runOnlyForDeploymentPostprocessing = 1;
		};
		60A485BE27E05C1500ECBC34 /* CopyFiles */ = {
			isa = PBXCopyFilesBuildPhase;
			buildActionMask = 2147483647;
			dstPath = /usr/share/man/man1/;
			dstSubfolderSpec = 0;
			files = (
			);
			runOnlyForDeploymentPostprocessing = 1;
		};
		60A485C927E0631600ECBC34 /* CopyFiles */ = {
			isa = PBXCopyFilesBuildPhase;
			buildActionMask = 2147483647;
			dstPath = /usr/share/man/man1/;
			dstSubfolderSpec = 0;
			files = (
			);
			runOnlyForDeploymentPostprocessing = 1;
		};
		60A485D427E0676700ECBC34 /* CopyFiles */ = {
			isa = PBXCopyFilesBuildPhase;
			buildActionMask = 2147483647;
			dstPath = /usr/share/man/man1/;
			dstSubfolderSpec = 0;
			files = (
			);
			runOnlyForDeploymentPostprocessing = 1;
		};
		60A485DF27E0762B00ECBC34 /* CopyFiles */ = {
			isa = PBXCopyFilesBuildPhase;
			buildActionMask = 2147483647;
			dstPath = /usr/share/man/man1/;
			dstSubfolderSpec = 0;
			files = (
			);
			runOnlyForDeploymentPostprocessing = 1;
		};
		60B8C59627DF1599004F9E7C /* CopyFiles */ = {
			isa = PBXCopyFilesBuildPhase;
			buildActionMask = 2147483647;
			dstPath = /usr/share/man/man1/;
			dstSubfolderSpec = 0;
			files = (
			);
			runOnlyForDeploymentPostprocessing = 1;
		};
		60F2E2E127DCD1490005B71E /* CopyFiles */ = {
			isa = PBXCopyFilesBuildPhase;
			buildActionMask = 2147483647;
			dstPath = /usr/share/man/man1/;
			dstSubfolderSpec = 0;
			files = (
			);
			runOnlyForDeploymentPostprocessing = 1;
		};
/* End PBXCopyFilesBuildPhase section */

/* Begin PBXFileReference section */
		6027DD0527D8C589006EBC1B /* 1647 */ = {isa = PBXFileReference; explicitFileType = "compiled.mach-o.executable"; includeInIndex = 0; path = 1647; sourceTree = BUILT_PRODUCTS_DIR; };
		6027DD0727D8C589006EBC1B /* main.cpp */ = {isa = PBXFileReference; lastKnownFileType = sourcecode.cpp.cpp; path = main.cpp; sourceTree = "<group>"; };
		6035EE0B27E0899C005E34E5 /* 12852 */ = {isa = PBXFileReference; explicitFileType = "compiled.mach-o.executable"; includeInIndex = 0; path = 12852; sourceTree = BUILT_PRODUCTS_DIR; };
		6035EE0D27E0899D005E34E5 /* main.cpp */ = {isa = PBXFileReference; lastKnownFileType = sourcecode.cpp.cpp; path = main.cpp; sourceTree = "<group>"; };
		6052474A27DE324000803118 /* 11057 */ = {isa = PBXFileReference; explicitFileType = "compiled.mach-o.executable"; includeInIndex = 0; path = 11057; sourceTree = BUILT_PRODUCTS_DIR; };
		6052474C27DE324000803118 /* main.cpp */ = {isa = PBXFileReference; lastKnownFileType = sourcecode.cpp.cpp; path = main.cpp; sourceTree = "<group>"; };
		607F0A5127DB6D5400D4A597 /* 9252 */ = {isa = PBXFileReference; explicitFileType = "compiled.mach-o.executable"; includeInIndex = 0; path = 9252; sourceTree = BUILT_PRODUCTS_DIR; };
		607F0A5327DB6D5400D4A597 /* main.cpp */ = {isa = PBXFileReference; lastKnownFileType = sourcecode.cpp.cpp; path = main.cpp; sourceTree = "<group>"; };
		607F0A5C27DB7B3600D4A597 /* 9251 */ = {isa = PBXFileReference; explicitFileType = "compiled.mach-o.executable"; includeInIndex = 0; path = 9251; sourceTree = BUILT_PRODUCTS_DIR; };
		607F0A5E27DB7B3600D4A597 /* main.cpp */ = {isa = PBXFileReference; lastKnownFileType = sourcecode.cpp.cpp; path = main.cpp; sourceTree = "<group>"; };
		608520D527D9B15B00234956 /* 17404 */ = {isa = PBXFileReference; explicitFileType = "compiled.mach-o.executable"; includeInIndex = 0; path = 17404; sourceTree = BUILT_PRODUCTS_DIR; };
		608520D727D9B15B00234956 /* main.cpp */ = {isa = PBXFileReference; lastKnownFileType = sourcecode.cpp.cpp; path = main.cpp; sourceTree = "<group>"; };
		608F63A927E2C64400E48E76 /* 12851 */ = {isa = PBXFileReference; explicitFileType = "compiled.mach-o.executable"; includeInIndex = 0; path = 12851; sourceTree = BUILT_PRODUCTS_DIR; };
		608F63AB27E2C64400E48E76 /* main.cpp */ = {isa = PBXFileReference; lastKnownFileType = sourcecode.cpp.cpp; path = main.cpp; sourceTree = "<group>"; };
		6097462327D62F1C008E494A /* 1987 */ = {isa = PBXFileReference; explicitFileType = "compiled.mach-o.executable"; includeInIndex = 0; path = 1987; sourceTree = BUILT_PRODUCTS_DIR; };
		6097462527D62F1C008E494A /* main.cpp */ = {isa = PBXFileReference; lastKnownFileType = sourcecode.cpp.cpp; path = main.cpp; sourceTree = "<group>"; };
		6097462E27D62F77008E494A /* 2467 */ = {isa = PBXFileReference; explicitFileType = "compiled.mach-o.executable"; includeInIndex = 0; path = 2467; sourceTree = BUILT_PRODUCTS_DIR; };
		6097463027D62F77008E494A /* main.cpp */ = {isa = PBXFileReference; lastKnownFileType = sourcecode.cpp.cpp; path = main.cpp; sourceTree = "<group>"; };
		6098CE9727E1A4FD00FDA8A5 /* 11055 */ = {isa = PBXFileReference; explicitFileType = "compiled.mach-o.executable"; includeInIndex = 0; path = 11055; sourceTree = BUILT_PRODUCTS_DIR; };
		6098CE9927E1A4FD00FDA8A5 /* main.cpp */ = {isa = PBXFileReference; lastKnownFileType = sourcecode.cpp.cpp; path = main.cpp; sourceTree = "<group>"; };
		6098CEA227E1A9F100FDA8A5 /* 15486 */ = {isa = PBXFileReference; explicitFileType = "compiled.mach-o.executable"; includeInIndex = 0; path = 15486; sourceTree = BUILT_PRODUCTS_DIR; };
		6098CEA427E1A9F100FDA8A5 /* main.cpp */ = {isa = PBXFileReference; lastKnownFileType = sourcecode.cpp.cpp; path = main.cpp; sourceTree = "<group>"; };
		60A485AA27E0515A00ECBC34 /* 1463 */ = {isa = PBXFileReference; explicitFileType = "compiled.mach-o.executable"; includeInIndex = 0; path = 1463; sourceTree = BUILT_PRODUCTS_DIR; };
		60A485AC27E0515A00ECBC34 /* main.cpp */ = {isa = PBXFileReference; lastKnownFileType = sourcecode.cpp.cpp; path = main.cpp; sourceTree = "<group>"; };
		60A485B527E053F900ECBC34 /* 9095 */ = {isa = PBXFileReference; explicitFileType = "compiled.mach-o.executable"; includeInIndex = 0; path = 9095; sourceTree = BUILT_PRODUCTS_DIR; };
		60A485B727E053F900ECBC34 /* main.cpp */ = {isa = PBXFileReference; lastKnownFileType = sourcecode.cpp.cpp; path = main.cpp; sourceTree = "<group>"; };
		60A485C027E05C1500ECBC34 /* 2579 */ = {isa = PBXFileReference; explicitFileType = "compiled.mach-o.executable"; includeInIndex = 0; path = 2579; sourceTree = BUILT_PRODUCTS_DIR; };
		60A485C227E05C1500ECBC34 /* main.cpp */ = {isa = PBXFileReference; lastKnownFileType = sourcecode.cpp.cpp; path = main.cpp; sourceTree = "<group>"; };
		60A485CB27E0631600ECBC34 /* 1149 */ = {isa = PBXFileReference; explicitFileType = "compiled.mach-o.executable"; includeInIndex = 0; path = 1149; sourceTree = BUILT_PRODUCTS_DIR; };
		60A485CD27E0631600ECBC34 /* main.cpp */ = {isa = PBXFileReference; lastKnownFileType = sourcecode.cpp.cpp; path = main.cpp; sourceTree = "<group>"; };
		60A485D627E0676700ECBC34 /* 11726 */ = {isa = PBXFileReference; explicitFileType = "compiled.mach-o.executable"; includeInIndex = 0; path = 11726; sourceTree = BUILT_PRODUCTS_DIR; };
		60A485D827E0676700ECBC34 /* main.cpp */ = {isa = PBXFileReference; lastKnownFileType = sourcecode.cpp.cpp; path = main.cpp; sourceTree = "<group>"; };
		60A485E127E0762B00ECBC34 /* 11659 */ = {isa = PBXFileReference; explicitFileType = "compiled.mach-o.executable"; includeInIndex = 0; path = 11659; sourceTree = BUILT_PRODUCTS_DIR; };
		60A485E327E0762B00ECBC34 /* main.cpp */ = {isa = PBXFileReference; lastKnownFileType = sourcecode.cpp.cpp; path = main.cpp; sourceTree = "<group>"; };
		60B8C59827DF1599004F9E7C /* 5014 */ = {isa = PBXFileReference; explicitFileType = "compiled.mach-o.executable"; includeInIndex = 0; path = 5014; sourceTree = BUILT_PRODUCTS_DIR; };
		60B8C59A27DF1599004F9E7C /* main.cpp */ = {isa = PBXFileReference; lastKnownFileType = sourcecode.cpp.cpp; path = main.cpp; sourceTree = "<group>"; };
		60F2E2E327DCD1490005B71E /* 2565 */ = {isa = PBXFileReference; explicitFileType = "compiled.mach-o.executable"; includeInIndex = 0; path = 2565; sourceTree = BUILT_PRODUCTS_DIR; };
		60F2E2E527DCD1490005B71E /* main.cpp */ = {isa = PBXFileReference; lastKnownFileType = sourcecode.cpp.cpp; path = main.cpp; sourceTree = "<group>"; };
/* End PBXFileReference section */

/* Begin PBXFrameworksBuildPhase section */
		6027DD0227D8C589006EBC1B /* Frameworks */ = {
			isa = PBXFrameworksBuildPhase;
			buildActionMask = 2147483647;
			files = (
			);
			runOnlyForDeploymentPostprocessing = 0;
		};
		6035EE0827E0899C005E34E5 /* Frameworks */ = {
			isa = PBXFrameworksBuildPhase;
			buildActionMask = 2147483647;
			files = (
			);
			runOnlyForDeploymentPostprocessing = 0;
		};
		6052474727DE324000803118 /* Frameworks */ = {
			isa = PBXFrameworksBuildPhase;
			buildActionMask = 2147483647;
			files = (
			);
			runOnlyForDeploymentPostprocessing = 0;
		};
		607F0A4E27DB6D5400D4A597 /* Frameworks */ = {
			isa = PBXFrameworksBuildPhase;
			buildActionMask = 2147483647;
			files = (
			);
			runOnlyForDeploymentPostprocessing = 0;
		};
		607F0A5927DB7B3600D4A597 /* Frameworks */ = {
			isa = PBXFrameworksBuildPhase;
			buildActionMask = 2147483647;
			files = (
			);
			runOnlyForDeploymentPostprocessing = 0;
		};
		608520D227D9B15B00234956 /* Frameworks */ = {
			isa = PBXFrameworksBuildPhase;
			buildActionMask = 2147483647;
			files = (
			);
			runOnlyForDeploymentPostprocessing = 0;
		};
		608F63A627E2C64400E48E76 /* Frameworks */ = {
			isa = PBXFrameworksBuildPhase;
			buildActionMask = 2147483647;
			files = (
			);
			runOnlyForDeploymentPostprocessing = 0;
		};
		6097462027D62F1C008E494A /* Frameworks */ = {
			isa = PBXFrameworksBuildPhase;
			buildActionMask = 2147483647;
			files = (
			);
			runOnlyForDeploymentPostprocessing = 0;
		};
		6097462B27D62F77008E494A /* Frameworks */ = {
			isa = PBXFrameworksBuildPhase;
			buildActionMask = 2147483647;
			files = (
			);
			runOnlyForDeploymentPostprocessing = 0;
		};
		6098CE9427E1A4FD00FDA8A5 /* Frameworks */ = {
			isa = PBXFrameworksBuildPhase;
			buildActionMask = 2147483647;
			files = (
			);
			runOnlyForDeploymentPostprocessing = 0;
		};
		6098CE9F27E1A9F100FDA8A5 /* Frameworks */ = {
			isa = PBXFrameworksBuildPhase;
			buildActionMask = 2147483647;
			files = (
			);
			runOnlyForDeploymentPostprocessing = 0;
		};
		60A485A727E0515A00ECBC34 /* Frameworks */ = {
			isa = PBXFrameworksBuildPhase;
			buildActionMask = 2147483647;
			files = (
			);
			runOnlyForDeploymentPostprocessing = 0;
		};
		60A485B227E053F900ECBC34 /* Frameworks */ = {
			isa = PBXFrameworksBuildPhase;
			buildActionMask = 2147483647;
			files = (
			);
			runOnlyForDeploymentPostprocessing = 0;
		};
		60A485BD27E05C1500ECBC34 /* Frameworks */ = {
			isa = PBXFrameworksBuildPhase;
			buildActionMask = 2147483647;
			files = (
			);
			runOnlyForDeploymentPostprocessing = 0;
		};
		60A485C827E0631600ECBC34 /* Frameworks */ = {
			isa = PBXFrameworksBuildPhase;
			buildActionMask = 2147483647;
			files = (
			);
			runOnlyForDeploymentPostprocessing = 0;
		};
		60A485D327E0676700ECBC34 /* Frameworks */ = {
			isa = PBXFrameworksBuildPhase;
			buildActionMask = 2147483647;
			files = (
			);
			runOnlyForDeploymentPostprocessing = 0;
		};
		60A485DE27E0762B00ECBC34 /* Frameworks */ = {
			isa = PBXFrameworksBuildPhase;
			buildActionMask = 2147483647;
			files = (
			);
			runOnlyForDeploymentPostprocessing = 0;
		};
		60B8C59527DF1599004F9E7C /* Frameworks */ = {
			isa = PBXFrameworksBuildPhase;
			buildActionMask = 2147483647;
			files = (
			);
			runOnlyForDeploymentPostprocessing = 0;
		};
		60F2E2E027DCD1490005B71E /* Frameworks */ = {
			isa = PBXFrameworksBuildPhase;
			buildActionMask = 2147483647;
			files = (
			);
			runOnlyForDeploymentPostprocessing = 0;
		};
/* End PBXFrameworksBuildPhase section */

/* Begin PBXGroup section */
		6027DD0627D8C589006EBC1B /* 1647 */ = {
			isa = PBXGroup;
			children = (
				6027DD0727D8C589006EBC1B /* main.cpp */,
			);
			path = 1647;
			sourceTree = "<group>";
		};
		6035EE0C27E0899C005E34E5 /* 12852 */ = {
			isa = PBXGroup;
			children = (
				6035EE0D27E0899D005E34E5 /* main.cpp */,
			);
			path = 12852;
			sourceTree = "<group>";
		};
		6052474B27DE324000803118 /* 11057 */ = {
			isa = PBXGroup;
			children = (
				6052474C27DE324000803118 /* main.cpp */,
			);
			path = 11057;
			sourceTree = "<group>";
		};
		607F0A5227DB6D5400D4A597 /* 9252 */ = {
			isa = PBXGroup;
			children = (
				607F0A5327DB6D5400D4A597 /* main.cpp */,
			);
			path = 9252;
			sourceTree = "<group>";
		};
		607F0A5D27DB7B3600D4A597 /* 9251 */ = {
			isa = PBXGroup;
			children = (
				607F0A5E27DB7B3600D4A597 /* main.cpp */,
			);
			path = 9251;
			sourceTree = "<group>";
		};
		608520D627D9B15B00234956 /* 17404 */ = {
			isa = PBXGroup;
			children = (
				608520D727D9B15B00234956 /* main.cpp */,
			);
			path = 17404;
			sourceTree = "<group>";
		};
		608F63AA27E2C64400E48E76 /* 12851 */ = {
			isa = PBXGroup;
			children = (
				608F63AB27E2C64400E48E76 /* main.cpp */,
			);
			path = 12851;
			sourceTree = "<group>";
		};
		6097460C27D62F05008E494A = {
			isa = PBXGroup;
			children = (
				6097462427D62F1C008E494A /* 1987 */,
				6097462F27D62F77008E494A /* 2467 */,
				6027DD0627D8C589006EBC1B /* 1647 */,
				608520D627D9B15B00234956 /* 17404 */,
				607F0A5227DB6D5400D4A597 /* 9252 */,
				607F0A5D27DB7B3600D4A597 /* 9251 */,
				60F2E2E427DCD1490005B71E /* 2565 */,
				6052474B27DE324000803118 /* 11057 */,
				60B8C59927DF1599004F9E7C /* 5014 */,
				60A485AB27E0515A00ECBC34 /* 1463 */,
				60A485B627E053F900ECBC34 /* 9095 */,
				60A485C127E05C1500ECBC34 /* 2579 */,
				60A485CC27E0631600ECBC34 /* 1149 */,
				60A485D727E0676700ECBC34 /* 11726 */,
				60A485E227E0762B00ECBC34 /* 11659 */,
				6035EE0C27E0899C005E34E5 /* 12852 */,
				6098CE9827E1A4FD00FDA8A5 /* 11055 */,
				6098CEA327E1A9F100FDA8A5 /* 15486 */,
				608F63AA27E2C64400E48E76 /* 12851 */,
				6097461627D62F05008E494A /* Products */,
			);
			sourceTree = "<group>";
		};
		6097461627D62F05008E494A /* Products */ = {
			isa = PBXGroup;
			children = (
				6097462327D62F1C008E494A /* 1987 */,
				6097462E27D62F77008E494A /* 2467 */,
				6027DD0527D8C589006EBC1B /* 1647 */,
				608520D527D9B15B00234956 /* 17404 */,
				607F0A5127DB6D5400D4A597 /* 9252 */,
				607F0A5C27DB7B3600D4A597 /* 9251 */,
				60F2E2E327DCD1490005B71E /* 2565 */,
				6052474A27DE324000803118 /* 11057 */,
				60B8C59827DF1599004F9E7C /* 5014 */,
				60A485AA27E0515A00ECBC34 /* 1463 */,
				60A485B527E053F900ECBC34 /* 9095 */,
				60A485C027E05C1500ECBC34 /* 2579 */,
				60A485CB27E0631600ECBC34 /* 1149 */,
				60A485D627E0676700ECBC34 /* 11726 */,
				60A485E127E0762B00ECBC34 /* 11659 */,
				6035EE0B27E0899C005E34E5 /* 12852 */,
				6098CE9727E1A4FD00FDA8A5 /* 11055 */,
				6098CEA227E1A9F100FDA8A5 /* 15486 */,
				608F63A927E2C64400E48E76 /* 12851 */,
			);
			name = Products;
			sourceTree = "<group>";
		};
		6097462427D62F1C008E494A /* 1987 */ = {
			isa = PBXGroup;
			children = (
				6097462527D62F1C008E494A /* main.cpp */,
			);
			path = 1987;
			sourceTree = "<group>";
		};
		6097462F27D62F77008E494A /* 2467 */ = {
			isa = PBXGroup;
			children = (
				6097463027D62F77008E494A /* main.cpp */,
			);
			path = 2467;
			sourceTree = "<group>";
		};
		6098CE9827E1A4FD00FDA8A5 /* 11055 */ = {
			isa = PBXGroup;
			children = (
				6098CE9927E1A4FD00FDA8A5 /* main.cpp */,
			);
			path = 11055;
			sourceTree = "<group>";
		};
		6098CEA327E1A9F100FDA8A5 /* 15486 */ = {
			isa = PBXGroup;
			children = (
				6098CEA427E1A9F100FDA8A5 /* main.cpp */,
			);
			path = 15486;
			sourceTree = "<group>";
		};
		60A485AB27E0515A00ECBC34 /* 1463 */ = {
			isa = PBXGroup;
			children = (
				60A485AC27E0515A00ECBC34 /* main.cpp */,
			);
			path = 1463;
			sourceTree = "<group>";
		};
		60A485B627E053F900ECBC34 /* 9095 */ = {
			isa = PBXGroup;
			children = (
				60A485B727E053F900ECBC34 /* main.cpp */,
			);
			path = 9095;
			sourceTree = "<group>";
		};
		60A485C127E05C1500ECBC34 /* 2579 */ = {
			isa = PBXGroup;
			children = (
				60A485C227E05C1500ECBC34 /* main.cpp */,
			);
			path = 2579;
			sourceTree = "<group>";
		};
		60A485CC27E0631600ECBC34 /* 1149 */ = {
			isa = PBXGroup;
			children = (
				60A485CD27E0631600ECBC34 /* main.cpp */,
			);
			path = 1149;
			sourceTree = "<group>";
		};
		60A485D727E0676700ECBC34 /* 11726 */ = {
			isa = PBXGroup;
			children = (
				60A485D827E0676700ECBC34 /* main.cpp */,
			);
			path = 11726;
			sourceTree = "<group>";
		};
		60A485E227E0762B00ECBC34 /* 11659 */ = {
			isa = PBXGroup;
			children = (
				60A485E327E0762B00ECBC34 /* main.cpp */,
			);
			path = 11659;
			sourceTree = "<group>";
		};
		60B8C59927DF1599004F9E7C /* 5014 */ = {
			isa = PBXGroup;
			children = (
				60B8C59A27DF1599004F9E7C /* main.cpp */,
			);
			path = 5014;
			sourceTree = "<group>";
		};
		60F2E2E427DCD1490005B71E /* 2565 */ = {
			isa = PBXGroup;
			children = (
				60F2E2E527DCD1490005B71E /* main.cpp */,
			);
			path = 2565;
			sourceTree = "<group>";
		};
/* End PBXGroup section */

/* Begin PBXNativeTarget section */
		6027DD0427D8C589006EBC1B /* 1647 */ = {
			isa = PBXNativeTarget;
			buildConfigurationList = 6027DD0B27D8C589006EBC1B /* Build configuration list for PBXNativeTarget "1647" */;
			buildPhases = (
				6027DD0127D8C589006EBC1B /* Sources */,
				6027DD0227D8C589006EBC1B /* Frameworks */,
				6027DD0327D8C589006EBC1B /* CopyFiles */,
			);
			buildRules = (
			);
			dependencies = (
			);
			name = 1647;
			productName = 1647;
			productReference = 6027DD0527D8C589006EBC1B /* 1647 */;
			productType = "com.apple.product-type.tool";
		};
		6035EE0A27E0899C005E34E5 /* 12852 */ = {
			isa = PBXNativeTarget;
			buildConfigurationList = 6035EE1127E0899D005E34E5 /* Build configuration list for PBXNativeTarget "12852" */;
			buildPhases = (
				6035EE0727E0899C005E34E5 /* Sources */,
				6035EE0827E0899C005E34E5 /* Frameworks */,
				6035EE0927E0899C005E34E5 /* CopyFiles */,
			);
			buildRules = (
			);
			dependencies = (
			);
			name = 12852;
			productName = 12852;
			productReference = 6035EE0B27E0899C005E34E5 /* 12852 */;
			productType = "com.apple.product-type.tool";
		};
		6052474927DE324000803118 /* 11057 */ = {
			isa = PBXNativeTarget;
			buildConfigurationList = 6052475027DE324000803118 /* Build configuration list for PBXNativeTarget "11057" */;
			buildPhases = (
				6052474627DE324000803118 /* Sources */,
				6052474727DE324000803118 /* Frameworks */,
				6052474827DE324000803118 /* CopyFiles */,
			);
			buildRules = (
			);
			dependencies = (
			);
			name = 11057;
			productName = 11057;
			productReference = 6052474A27DE324000803118 /* 11057 */;
			productType = "com.apple.product-type.tool";
		};
		607F0A5027DB6D5400D4A597 /* 9252 */ = {
			isa = PBXNativeTarget;
			buildConfigurationList = 607F0A5727DB6D5400D4A597 /* Build configuration list for PBXNativeTarget "9252" */;
			buildPhases = (
				607F0A4D27DB6D5400D4A597 /* Sources */,
				607F0A4E27DB6D5400D4A597 /* Frameworks */,
				607F0A4F27DB6D5400D4A597 /* CopyFiles */,
			);
			buildRules = (
			);
			dependencies = (
			);
			name = 9252;
			productName = 9252;
			productReference = 607F0A5127DB6D5400D4A597 /* 9252 */;
			productType = "com.apple.product-type.tool";
		};
		607F0A5B27DB7B3600D4A597 /* 9251 */ = {
			isa = PBXNativeTarget;
			buildConfigurationList = 607F0A6027DB7B3600D4A597 /* Build configuration list for PBXNativeTarget "9251" */;
			buildPhases = (
				607F0A5827DB7B3600D4A597 /* Sources */,
				607F0A5927DB7B3600D4A597 /* Frameworks */,
				607F0A5A27DB7B3600D4A597 /* CopyFiles */,
			);
			buildRules = (
			);
			dependencies = (
			);
			name = 9251;
			productName = 9251;
			productReference = 607F0A5C27DB7B3600D4A597 /* 9251 */;
			productType = "com.apple.product-type.tool";
		};
		608520D427D9B15B00234956 /* 17404 */ = {
			isa = PBXNativeTarget;
			buildConfigurationList = 608520DB27D9B15B00234956 /* Build configuration list for PBXNativeTarget "17404" */;
			buildPhases = (
				608520D127D9B15B00234956 /* Sources */,
				608520D227D9B15B00234956 /* Frameworks */,
				608520D327D9B15B00234956 /* CopyFiles */,
			);
			buildRules = (
			);
			dependencies = (
			);
			name = 17404;
			productName = 17404;
			productReference = 608520D527D9B15B00234956 /* 17404 */;
			productType = "com.apple.product-type.tool";
		};
		608F63A827E2C64400E48E76 /* 12851 */ = {
			isa = PBXNativeTarget;
			buildConfigurationList = 608F63AF27E2C64400E48E76 /* Build configuration list for PBXNativeTarget "12851" */;
			buildPhases = (
				608F63A527E2C64400E48E76 /* Sources */,
				608F63A627E2C64400E48E76 /* Frameworks */,
				608F63A727E2C64400E48E76 /* CopyFiles */,
			);
			buildRules = (
			);
			dependencies = (
			);
			name = 12851;
			productName = 12851;
			productReference = 608F63A927E2C64400E48E76 /* 12851 */;
			productType = "com.apple.product-type.tool";
		};
		6097462227D62F1C008E494A /* 1987 */ = {
			isa = PBXNativeTarget;
			buildConfigurationList = 6097462727D62F1C008E494A /* Build configuration list for PBXNativeTarget "1987" */;
			buildPhases = (
				6097461F27D62F1C008E494A /* Sources */,
				6097462027D62F1C008E494A /* Frameworks */,
				6097462127D62F1C008E494A /* CopyFiles */,
			);
			buildRules = (
			);
			dependencies = (
			);
			name = 1987;
			productName = 1987;
			productReference = 6097462327D62F1C008E494A /* 1987 */;
			productType = "com.apple.product-type.tool";
		};
		6097462D27D62F77008E494A /* 2467 */ = {
			isa = PBXNativeTarget;
			buildConfigurationList = 6097463227D62F77008E494A /* Build configuration list for PBXNativeTarget "2467" */;
			buildPhases = (
				6097462A27D62F77008E494A /* Sources */,
				6097462B27D62F77008E494A /* Frameworks */,
				6097462C27D62F77008E494A /* CopyFiles */,
			);
			buildRules = (
			);
			dependencies = (
			);
			name = 2467;
			productName = 2467;
			productReference = 6097462E27D62F77008E494A /* 2467 */;
			productType = "com.apple.product-type.tool";
		};
		6098CE9627E1A4FD00FDA8A5 /* 11055 */ = {
			isa = PBXNativeTarget;
			buildConfigurationList = 6098CE9D27E1A4FD00FDA8A5 /* Build configuration list for PBXNativeTarget "11055" */;
			buildPhases = (
				6098CE9327E1A4FD00FDA8A5 /* Sources */,
				6098CE9427E1A4FD00FDA8A5 /* Frameworks */,
				6098CE9527E1A4FD00FDA8A5 /* CopyFiles */,
			);
			buildRules = (
			);
			dependencies = (
			);
			name = 11055;
			productName = 11055;
			productReference = 6098CE9727E1A4FD00FDA8A5 /* 11055 */;
			productType = "com.apple.product-type.tool";
		};
		6098CEA127E1A9F100FDA8A5 /* 15486 */ = {
			isa = PBXNativeTarget;
			buildConfigurationList = 6098CEA627E1A9F100FDA8A5 /* Build configuration list for PBXNativeTarget "15486" */;
			buildPhases = (
				6098CE9E27E1A9F100FDA8A5 /* Sources */,
				6098CE9F27E1A9F100FDA8A5 /* Frameworks */,
				6098CEA027E1A9F100FDA8A5 /* CopyFiles */,
			);
			buildRules = (
			);
			dependencies = (
			);
			name = 15486;
			productName = 15486;
			productReference = 6098CEA227E1A9F100FDA8A5 /* 15486 */;
			productType = "com.apple.product-type.tool";
		};
		60A485A927E0515A00ECBC34 /* 1463 */ = {
			isa = PBXNativeTarget;
			buildConfigurationList = 60A485B027E0515A00ECBC34 /* Build configuration list for PBXNativeTarget "1463" */;
			buildPhases = (
				60A485A627E0515A00ECBC34 /* Sources */,
				60A485A727E0515A00ECBC34 /* Frameworks */,
				60A485A827E0515A00ECBC34 /* CopyFiles */,
			);
			buildRules = (
			);
			dependencies = (
			);
			name = 1463;
			productName = 1463;
			productReference = 60A485AA27E0515A00ECBC34 /* 1463 */;
			productType = "com.apple.product-type.tool";
		};
		60A485B427E053F900ECBC34 /* 9095 */ = {
			isa = PBXNativeTarget;
			buildConfigurationList = 60A485B927E053F900ECBC34 /* Build configuration list for PBXNativeTarget "9095" */;
			buildPhases = (
				60A485B127E053F900ECBC34 /* Sources */,
				60A485B227E053F900ECBC34 /* Frameworks */,
				60A485B327E053F900ECBC34 /* CopyFiles */,
			);
			buildRules = (
			);
			dependencies = (
			);
			name = 9095;
			productName = 9095;
			productReference = 60A485B527E053F900ECBC34 /* 9095 */;
			productType = "com.apple.product-type.tool";
		};
		60A485BF27E05C1500ECBC34 /* 2579 */ = {
			isa = PBXNativeTarget;
			buildConfigurationList = 60A485C427E05C1500ECBC34 /* Build configuration list for PBXNativeTarget "2579" */;
			buildPhases = (
				60A485BC27E05C1500ECBC34 /* Sources */,
				60A485BD27E05C1500ECBC34 /* Frameworks */,
				60A485BE27E05C1500ECBC34 /* CopyFiles */,
			);
			buildRules = (
			);
			dependencies = (
			);
			name = 2579;
			productName = 2579;
			productReference = 60A485C027E05C1500ECBC34 /* 2579 */;
			productType = "com.apple.product-type.tool";
		};
		60A485CA27E0631600ECBC34 /* 1149 */ = {
			isa = PBXNativeTarget;
			buildConfigurationList = 60A485CF27E0631600ECBC34 /* Build configuration list for PBXNativeTarget "1149" */;
			buildPhases = (
				60A485C727E0631600ECBC34 /* Sources */,
				60A485C827E0631600ECBC34 /* Frameworks */,
				60A485C927E0631600ECBC34 /* CopyFiles */,
			);
			buildRules = (
			);
			dependencies = (
			);
			name = 1149;
			productName = 1149;
			productReference = 60A485CB27E0631600ECBC34 /* 1149 */;
			productType = "com.apple.product-type.tool";
		};
		60A485D527E0676700ECBC34 /* 11726 */ = {
			isa = PBXNativeTarget;
			buildConfigurationList = 60A485DA27E0676700ECBC34 /* Build configuration list for PBXNativeTarget "11726" */;
			buildPhases = (
				60A485D227E0676700ECBC34 /* Sources */,
				60A485D327E0676700ECBC34 /* Frameworks */,
				60A485D427E0676700ECBC34 /* CopyFiles */,
			);
			buildRules = (
			);
			dependencies = (
			);
			name = 11726;
			productName = 11726;
			productReference = 60A485D627E0676700ECBC34 /* 11726 */;
			productType = "com.apple.product-type.tool";
		};
		60A485E027E0762B00ECBC34 /* 11659 */ = {
			isa = PBXNativeTarget;
			buildConfigurationList = 60A485E527E0762B00ECBC34 /* Build configuration list for PBXNativeTarget "11659" */;
			buildPhases = (
				60A485DD27E0762B00ECBC34 /* Sources */,
				60A485DE27E0762B00ECBC34 /* Frameworks */,
				60A485DF27E0762B00ECBC34 /* CopyFiles */,
			);
			buildRules = (
			);
			dependencies = (
			);
			name = 11659;
			productName = 11659;
			productReference = 60A485E127E0762B00ECBC34 /* 11659 */;
			productType = "com.apple.product-type.tool";
		};
		60B8C59727DF1599004F9E7C /* 5014 */ = {
			isa = PBXNativeTarget;
			buildConfigurationList = 60B8C59E27DF1599004F9E7C /* Build configuration list for PBXNativeTarget "5014" */;
			buildPhases = (
				60B8C59427DF1599004F9E7C /* Sources */,
				60B8C59527DF1599004F9E7C /* Frameworks */,
				60B8C59627DF1599004F9E7C /* CopyFiles */,
			);
			buildRules = (
			);
			dependencies = (
			);
			name = 5014;
			productName = 5014;
			productReference = 60B8C59827DF1599004F9E7C /* 5014 */;
			productType = "com.apple.product-type.tool";
		};
		60F2E2E227DCD1490005B71E /* 2565 */ = {
			isa = PBXNativeTarget;
			buildConfigurationList = 60F2E2E727DCD1490005B71E /* Build configuration list for PBXNativeTarget "2565" */;
			buildPhases = (
				60F2E2DF27DCD1490005B71E /* Sources */,
				60F2E2E027DCD1490005B71E /* Frameworks */,
				60F2E2E127DCD1490005B71E /* CopyFiles */,
			);
			buildRules = (
			);
			dependencies = (
			);
			name = 2565;
			productName = 2565;
			productReference = 60F2E2E327DCD1490005B71E /* 2565 */;
			productType = "com.apple.product-type.tool";
		};
/* End PBXNativeTarget section */

/* Begin PBXProject section */
		6097460D27D62F05008E494A /* Project object */ = {
			isa = PBXProject;
			attributes = {
				BuildIndependentTargetsInParallel = 1;
				LastSwiftUpdateCheck = 1320;
				LastUpgradeCheck = 1330;
				TargetAttributes = {
					6027DD0427D8C589006EBC1B = {
						CreatedOnToolsVersion = 13.2.1;
					};
					6035EE0A27E0899C005E34E5 = {
						CreatedOnToolsVersion = 13.3;
					};
					6052474927DE324000803118 = {
						CreatedOnToolsVersion = 13.2.1;
					};
					607F0A5027DB6D5400D4A597 = {
						CreatedOnToolsVersion = 13.2.1;
					};
					607F0A5B27DB7B3600D4A597 = {
						CreatedOnToolsVersion = 13.2.1;
					};
					608520D427D9B15B00234956 = {
						CreatedOnToolsVersion = 13.2.1;
					};
					608F63A827E2C64400E48E76 = {
						CreatedOnToolsVersion = 13.3;
					};
					6097462227D62F1C008E494A = {
						CreatedOnToolsVersion = 13.2.1;
					};
					6097462D27D62F77008E494A = {
						CreatedOnToolsVersion = 13.2.1;
					};
					6098CE9627E1A4FD00FDA8A5 = {
						CreatedOnToolsVersion = 13.3;
					};
					6098CEA127E1A9F100FDA8A5 = {
						CreatedOnToolsVersion = 13.3;
					};
					60A485A927E0515A00ECBC34 = {
						CreatedOnToolsVersion = 13.2.1;
					};
					60A485B427E053F900ECBC34 = {
						CreatedOnToolsVersion = 13.2.1;
					};
					60A485BF27E05C1500ECBC34 = {
						CreatedOnToolsVersion = 13.2.1;
					};
					60A485CA27E0631600ECBC34 = {
						CreatedOnToolsVersion = 13.2.1;
					};
					60A485D527E0676700ECBC34 = {
						CreatedOnToolsVersion = 13.2.1;
					};
					60A485E027E0762B00ECBC34 = {
						CreatedOnToolsVersion = 13.2.1;
					};
					60B8C59727DF1599004F9E7C = {
						CreatedOnToolsVersion = 13.2.1;
					};
					60F2E2E227DCD1490005B71E = {
						CreatedOnToolsVersion = 13.2.1;
					};
				};
			};
			buildConfigurationList = 6097461027D62F05008E494A /* Build configuration list for PBXProject "BOJ" */;
			compatibilityVersion = "Xcode 13.0";
			developmentRegion = en;
			hasScannedForEncodings = 0;
			knownRegions = (
				en,
				Base,
			);
			mainGroup = 6097460C27D62F05008E494A;
			productRefGroup = 6097461627D62F05008E494A /* Products */;
			projectDirPath = "";
			projectRoot = "";
			targets = (
				6097462227D62F1C008E494A /* 1987 */,
				6097462D27D62F77008E494A /* 2467 */,
				6027DD0427D8C589006EBC1B /* 1647 */,
				608520D427D9B15B00234956 /* 17404 */,
				607F0A5027DB6D5400D4A597 /* 9252 */,
				607F0A5B27DB7B3600D4A597 /* 9251 */,
				60F2E2E227DCD1490005B71E /* 2565 */,
				6052474927DE324000803118 /* 11057 */,
				60B8C59727DF1599004F9E7C /* 5014 */,
				60A485A927E0515A00ECBC34 /* 1463 */,
				60A485B427E053F900ECBC34 /* 9095 */,
				60A485BF27E05C1500ECBC34 /* 2579 */,
				60A485CA27E0631600ECBC34 /* 1149 */,
				60A485D527E0676700ECBC34 /* 11726 */,
				60A485E027E0762B00ECBC34 /* 11659 */,
				6035EE0A27E0899C005E34E5 /* 12852 */,
				6098CE9627E1A4FD00FDA8A5 /* 11055 */,
				6098CEA127E1A9F100FDA8A5 /* 15486 */,
				608F63A827E2C64400E48E76 /* 12851 */,
			);
		};
/* End PBXProject section */

/* Begin PBXSourcesBuildPhase section */
		6027DD0127D8C589006EBC1B /* Sources */ = {
			isa = PBXSourcesBuildPhase;
			buildActionMask = 2147483647;
			files = (
				6027DD0827D8C589006EBC1B /* main.cpp in Sources */,
			);
			runOnlyForDeploymentPostprocessing = 0;
		};
		6035EE0727E0899C005E34E5 /* Sources */ = {
			isa = PBXSourcesBuildPhase;
			buildActionMask = 2147483647;
			files = (
				6035EE0E27E0899D005E34E5 /* main.cpp in Sources */,
			);
			runOnlyForDeploymentPostprocessing = 0;
		};
		6052474627DE324000803118 /* Sources */ = {
			isa = PBXSourcesBuildPhase;
			buildActionMask = 2147483647;
			files = (
				6052474D27DE324000803118 /* main.cpp in Sources */,
			);
			runOnlyForDeploymentPostprocessing = 0;
		};
		607F0A4D27DB6D5400D4A597 /* Sources */ = {
			isa = PBXSourcesBuildPhase;
			buildActionMask = 2147483647;
			files = (
				607F0A5427DB6D5400D4A597 /* main.cpp in Sources */,
			);
			runOnlyForDeploymentPostprocessing = 0;
		};
		607F0A5827DB7B3600D4A597 /* Sources */ = {
			isa = PBXSourcesBuildPhase;
			buildActionMask = 2147483647;
			files = (
				607F0A5F27DB7B3600D4A597 /* main.cpp in Sources */,
			);
			runOnlyForDeploymentPostprocessing = 0;
		};
		608520D127D9B15B00234956 /* Sources */ = {
			isa = PBXSourcesBuildPhase;
			buildActionMask = 2147483647;
			files = (
				608520D827D9B15B00234956 /* main.cpp in Sources */,
			);
			runOnlyForDeploymentPostprocessing = 0;
		};
		608F63A527E2C64400E48E76 /* Sources */ = {
			isa = PBXSourcesBuildPhase;
			buildActionMask = 2147483647;
			files = (
				608F63AC27E2C64400E48E76 /* main.cpp in Sources */,
			);
			runOnlyForDeploymentPostprocessing = 0;
		};
		6097461F27D62F1C008E494A /* Sources */ = {
			isa = PBXSourcesBuildPhase;
			buildActionMask = 2147483647;
			files = (
				6097462627D62F1C008E494A /* main.cpp in Sources */,
			);
			runOnlyForDeploymentPostprocessing = 0;
		};
		6097462A27D62F77008E494A /* Sources */ = {
			isa = PBXSourcesBuildPhase;
			buildActionMask = 2147483647;
			files = (
				6097463127D62F77008E494A /* main.cpp in Sources */,
			);
			runOnlyForDeploymentPostprocessing = 0;
		};
		6098CE9327E1A4FD00FDA8A5 /* Sources */ = {
			isa = PBXSourcesBuildPhase;
			buildActionMask = 2147483647;
			files = (
				6098CE9A27E1A4FD00FDA8A5 /* main.cpp in Sources */,
			);
			runOnlyForDeploymentPostprocessing = 0;
		};
		6098CE9E27E1A9F100FDA8A5 /* Sources */ = {
			isa = PBXSourcesBuildPhase;
			buildActionMask = 2147483647;
			files = (
				6098CEA527E1A9F100FDA8A5 /* main.cpp in Sources */,
			);
			runOnlyForDeploymentPostprocessing = 0;
		};
		60A485A627E0515A00ECBC34 /* Sources */ = {
			isa = PBXSourcesBuildPhase;
			buildActionMask = 2147483647;
			files = (
				60A485AD27E0515A00ECBC34 /* main.cpp in Sources */,
			);
			runOnlyForDeploymentPostprocessing = 0;
		};
		60A485B127E053F900ECBC34 /* Sources */ = {
			isa = PBXSourcesBuildPhase;
			buildActionMask = 2147483647;
			files = (
				60A485B827E053F900ECBC34 /* main.cpp in Sources */,
			);
			runOnlyForDeploymentPostprocessing = 0;
		};
		60A485BC27E05C1500ECBC34 /* Sources */ = {
			isa = PBXSourcesBuildPhase;
			buildActionMask = 2147483647;
			files = (
				60A485C327E05C1500ECBC34 /* main.cpp in Sources */,
			);
			runOnlyForDeploymentPostprocessing = 0;
		};
		60A485C727E0631600ECBC34 /* Sources */ = {
			isa = PBXSourcesBuildPhase;
			buildActionMask = 2147483647;
			files = (
				60A485CE27E0631600ECBC34 /* main.cpp in Sources */,
			);
			runOnlyForDeploymentPostprocessing = 0;
		};
		60A485D227E0676700ECBC34 /* Sources */ = {
			isa = PBXSourcesBuildPhase;
			buildActionMask = 2147483647;
			files = (
				60A485D927E0676700ECBC34 /* main.cpp in Sources */,
			);
			runOnlyForDeploymentPostprocessing = 0;
		};
		60A485DD27E0762B00ECBC34 /* Sources */ = {
			isa = PBXSourcesBuildPhase;
			buildActionMask = 2147483647;
			files = (
				60A485E427E0762B00ECBC34 /* main.cpp in Sources */,
			);
			runOnlyForDeploymentPostprocessing = 0;
		};
		60B8C59427DF1599004F9E7C /* Sources */ = {
			isa = PBXSourcesBuildPhase;
			buildActionMask = 2147483647;
			files = (
				60B8C59B27DF1599004F9E7C /* main.cpp in Sources */,
			);
			runOnlyForDeploymentPostprocessing = 0;
		};
		60F2E2DF27DCD1490005B71E /* Sources */ = {
			isa = PBXSourcesBuildPhase;
			buildActionMask = 2147483647;
			files = (
				60F2E2E627DCD1490005B71E /* main.cpp in Sources */,
			);
			runOnlyForDeploymentPostprocessing = 0;
		};
/* End PBXSourcesBuildPhase section */

/* Begin XCBuildConfiguration section */
		6027DD0927D8C589006EBC1B /* Debug */ = {
			isa = XCBuildConfiguration;
			buildSettings = {
				CODE_SIGN_IDENTITY = "-";
				CODE_SIGN_STYLE = Automatic;
				DEVELOPMENT_TEAM = 3NP4Z3WZ94;
				ENABLE_HARDENED_RUNTIME = YES;
				PRODUCT_NAME = "$(TARGET_NAME)";
			};
			name = Debug;
		};
		6027DD0A27D8C589006EBC1B /* Release */ = {
			isa = XCBuildConfiguration;
			buildSettings = {
				CODE_SIGN_IDENTITY = "-";
				CODE_SIGN_STYLE = Automatic;
				DEVELOPMENT_TEAM = 3NP4Z3WZ94;
				ENABLE_HARDENED_RUNTIME = YES;
				PRODUCT_NAME = "$(TARGET_NAME)";
			};
			name = Release;
		};
		6035EE0F27E0899D005E34E5 /* Debug */ = {
			isa = XCBuildConfiguration;
			buildSettings = {
				CODE_SIGN_IDENTITY = "-";
				CODE_SIGN_STYLE = Automatic;
				DEVELOPMENT_TEAM = 3NP4Z3WZ94;
				ENABLE_HARDENED_RUNTIME = YES;
				MACOSX_DEPLOYMENT_TARGET = 12.1;
				PRODUCT_NAME = "$(TARGET_NAME)";
			};
			name = Debug;
		};
		6035EE1027E0899D005E34E5 /* Release */ = {
			isa = XCBuildConfiguration;
			buildSettings = {
				CODE_SIGN_IDENTITY = "-";
				CODE_SIGN_STYLE = Automatic;
				DEVELOPMENT_TEAM = 3NP4Z3WZ94;
				ENABLE_HARDENED_RUNTIME = YES;
				MACOSX_DEPLOYMENT_TARGET = 12.1;
				PRODUCT_NAME = "$(TARGET_NAME)";
			};
			name = Release;
		};
		6052474E27DE324000803118 /* Debug */ = {
			isa = XCBuildConfiguration;
			buildSettings = {
				CODE_SIGN_IDENTITY = "-";
				CODE_SIGN_STYLE = Automatic;
				DEVELOPMENT_TEAM = 3NP4Z3WZ94;
				ENABLE_HARDENED_RUNTIME = YES;
				PRODUCT_NAME = "$(TARGET_NAME)";
			};
			name = Debug;
		};
		6052474F27DE324000803118 /* Release */ = {
			isa = XCBuildConfiguration;
			buildSettings = {
				CODE_SIGN_IDENTITY = "-";
				CODE_SIGN_STYLE = Automatic;
				DEVELOPMENT_TEAM = 3NP4Z3WZ94;
				ENABLE_HARDENED_RUNTIME = YES;
				PRODUCT_NAME = "$(TARGET_NAME)";
			};
			name = Release;
		};
		607F0A5527DB6D5400D4A597 /* Debug */ = {
			isa = XCBuildConfiguration;
			buildSettings = {
				CODE_SIGN_IDENTITY = "-";
				CODE_SIGN_STYLE = Automatic;
				DEVELOPMENT_TEAM = 3NP4Z3WZ94;
				ENABLE_HARDENED_RUNTIME = YES;
				PRODUCT_NAME = "$(TARGET_NAME)";
			};
			name = Debug;
		};
		607F0A5627DB6D5400D4A597 /* Release */ = {
			isa = XCBuildConfiguration;
			buildSettings = {
				CODE_SIGN_IDENTITY = "-";
				CODE_SIGN_STYLE = Automatic;
				DEVELOPMENT_TEAM = 3NP4Z3WZ94;
				ENABLE_HARDENED_RUNTIME = YES;
				PRODUCT_NAME = "$(TARGET_NAME)";
			};
			name = Release;
		};
		607F0A6127DB7B3600D4A597 /* Debug */ = {
			isa = XCBuildConfiguration;
			buildSettings = {
				CODE_SIGN_IDENTITY = "-";
				CODE_SIGN_STYLE = Automatic;
				DEVELOPMENT_TEAM = 3NP4Z3WZ94;
				ENABLE_HARDENED_RUNTIME = YES;
				PRODUCT_NAME = "$(TARGET_NAME)";
			};
			name = Debug;
		};
		607F0A6227DB7B3600D4A597 /* Release */ = {
			isa = XCBuildConfiguration;
			buildSettings = {
				CODE_SIGN_IDENTITY = "-";
				CODE_SIGN_STYLE = Automatic;
				DEVELOPMENT_TEAM = 3NP4Z3WZ94;
				ENABLE_HARDENED_RUNTIME = YES;
				PRODUCT_NAME = "$(TARGET_NAME)";
			};
			name = Release;
		};
		608520D927D9B15B00234956 /* Debug */ = {
			isa = XCBuildConfiguration;
			buildSettings = {
				CODE_SIGN_IDENTITY = "-";
				CODE_SIGN_STYLE = Automatic;
				DEVELOPMENT_TEAM = 3NP4Z3WZ94;
				ENABLE_HARDENED_RUNTIME = YES;
				PRODUCT_NAME = "$(TARGET_NAME)";
			};
			name = Debug;
		};
		608520DA27D9B15B00234956 /* Release */ = {
			isa = XCBuildConfiguration;
			buildSettings = {
				CODE_SIGN_IDENTITY = "-";
				CODE_SIGN_STYLE = Automatic;
				DEVELOPMENT_TEAM = 3NP4Z3WZ94;
				ENABLE_HARDENED_RUNTIME = YES;
				PRODUCT_NAME = "$(TARGET_NAME)";
			};
			name = Release;
		};
		608F63AD27E2C64400E48E76 /* Debug */ = {
			isa = XCBuildConfiguration;
			buildSettings = {
				CODE_SIGN_STYLE = Automatic;
				DEVELOPMENT_TEAM = 3NP4Z3WZ94;
				ENABLE_HARDENED_RUNTIME = YES;
				MACOSX_DEPLOYMENT_TARGET = 12.2;
				PRODUCT_NAME = "$(TARGET_NAME)";
			};
			name = Debug;
		};
		608F63AE27E2C64400E48E76 /* Release */ = {
			isa = XCBuildConfiguration;
			buildSettings = {
				CODE_SIGN_STYLE = Automatic;
				DEVELOPMENT_TEAM = 3NP4Z3WZ94;
				ENABLE_HARDENED_RUNTIME = YES;
				MACOSX_DEPLOYMENT_TARGET = 12.2;
				PRODUCT_NAME = "$(TARGET_NAME)";
			};
			name = Release;
		};
		6097461A27D62F05008E494A /* Debug */ = {
			isa = XCBuildConfiguration;
			buildSettings = {
				ALWAYS_SEARCH_USER_PATHS = NO;
				CLANG_ANALYZER_NONNULL = YES;
				CLANG_ANALYZER_NUMBER_OBJECT_CONVERSION = YES_AGGRESSIVE;
				CLANG_CXX_LANGUAGE_STANDARD = "gnu++17";
				CLANG_CXX_LIBRARY = "libc++";
				CLANG_ENABLE_MODULES = YES;
				CLANG_ENABLE_OBJC_ARC = YES;
				CLANG_ENABLE_OBJC_WEAK = YES;
				CLANG_WARN_BLOCK_CAPTURE_AUTORELEASING = YES;
				CLANG_WARN_BOOL_CONVERSION = YES;
				CLANG_WARN_COMMA = YES;
				CLANG_WARN_CONSTANT_CONVERSION = YES;
				CLANG_WARN_DEPRECATED_OBJC_IMPLEMENTATIONS = YES;
				CLANG_WARN_DIRECT_OBJC_ISA_USAGE = YES_ERROR;
				CLANG_WARN_DOCUMENTATION_COMMENTS = YES;
				CLANG_WARN_EMPTY_BODY = YES;
				CLANG_WARN_ENUM_CONVERSION = YES;
				CLANG_WARN_INFINITE_RECURSION = YES;
				CLANG_WARN_INT_CONVERSION = YES;
				CLANG_WARN_NON_LITERAL_NULL_CONVERSION = YES;
				CLANG_WARN_OBJC_IMPLICIT_RETAIN_SELF = YES;
				CLANG_WARN_OBJC_LITERAL_CONVERSION = YES;
				CLANG_WARN_OBJC_ROOT_CLASS = YES_ERROR;
				CLANG_WARN_QUOTED_INCLUDE_IN_FRAMEWORK_HEADER = YES;
				CLANG_WARN_RANGE_LOOP_ANALYSIS = YES;
				CLANG_WARN_STRICT_PROTOTYPES = YES;
				CLANG_WARN_SUSPICIOUS_MOVE = YES;
				CLANG_WARN_UNGUARDED_AVAILABILITY = YES_AGGRESSIVE;
				CLANG_WARN_UNREACHABLE_CODE = YES;
				CLANG_WARN__DUPLICATE_METHOD_MATCH = YES;
				COPY_PHASE_STRIP = NO;
				DEBUG_INFORMATION_FORMAT = dwarf;
				ENABLE_STRICT_OBJC_MSGSEND = YES;
				ENABLE_TESTABILITY = YES;
				GCC_C_LANGUAGE_STANDARD = gnu11;
				GCC_DYNAMIC_NO_PIC = NO;
				GCC_NO_COMMON_BLOCKS = YES;
				GCC_OPTIMIZATION_LEVEL = 0;
				GCC_PREPROCESSOR_DEFINITIONS = (
					"DEBUG=1",
					"$(inherited)",
				);
				GCC_WARN_64_TO_32_BIT_CONVERSION = YES;
				GCC_WARN_ABOUT_RETURN_TYPE = YES_ERROR;
				GCC_WARN_UNDECLARED_SELECTOR = YES;
				GCC_WARN_UNINITIALIZED_AUTOS = YES_AGGRESSIVE;
				GCC_WARN_UNUSED_FUNCTION = YES;
				GCC_WARN_UNUSED_VARIABLE = YES;
				MACOSX_DEPLOYMENT_TARGET = 12.1;
				MTL_ENABLE_DEBUG_INFO = INCLUDE_SOURCE;
				MTL_FAST_MATH = YES;
				ONLY_ACTIVE_ARCH = YES;
				SDKROOT = macosx;
			};
			name = Debug;
		};
		6097461B27D62F05008E494A /* Release */ = {
			isa = XCBuildConfiguration;
			buildSettings = {
				ALWAYS_SEARCH_USER_PATHS = NO;
				CLANG_ANALYZER_NONNULL = YES;
				CLANG_ANALYZER_NUMBER_OBJECT_CONVERSION = YES_AGGRESSIVE;
				CLANG_CXX_LANGUAGE_STANDARD = "gnu++17";
				CLANG_CXX_LIBRARY = "libc++";
				CLANG_ENABLE_MODULES = YES;
				CLANG_ENABLE_OBJC_ARC = YES;
				CLANG_ENABLE_OBJC_WEAK = YES;
				CLANG_WARN_BLOCK_CAPTURE_AUTORELEASING = YES;
				CLANG_WARN_BOOL_CONVERSION = YES;
				CLANG_WARN_COMMA = YES;
				CLANG_WARN_CONSTANT_CONVERSION = YES;
				CLANG_WARN_DEPRECATED_OBJC_IMPLEMENTATIONS = YES;
				CLANG_WARN_DIRECT_OBJC_ISA_USAGE = YES_ERROR;
				CLANG_WARN_DOCUMENTATION_COMMENTS = YES;
				CLANG_WARN_EMPTY_BODY = YES;
				CLANG_WARN_ENUM_CONVERSION = YES;
				CLANG_WARN_INFINITE_RECURSION = YES;
				CLANG_WARN_INT_CONVERSION = YES;
				CLANG_WARN_NON_LITERAL_NULL_CONVERSION = YES;
				CLANG_WARN_OBJC_IMPLICIT_RETAIN_SELF = YES;
				CLANG_WARN_OBJC_LITERAL_CONVERSION = YES;
				CLANG_WARN_OBJC_ROOT_CLASS = YES_ERROR;
				CLANG_WARN_QUOTED_INCLUDE_IN_FRAMEWORK_HEADER = YES;
				CLANG_WARN_RANGE_LOOP_ANALYSIS = YES;
				CLANG_WARN_STRICT_PROTOTYPES = YES;
				CLANG_WARN_SUSPICIOUS_MOVE = YES;
				CLANG_WARN_UNGUARDED_AVAILABILITY = YES_AGGRESSIVE;
				CLANG_WARN_UNREACHABLE_CODE = YES;
				CLANG_WARN__DUPLICATE_METHOD_MATCH = YES;
				COPY_PHASE_STRIP = NO;
				DEBUG_INFORMATION_FORMAT = "dwarf-with-dsym";
				ENABLE_NS_ASSERTIONS = NO;
				ENABLE_STRICT_OBJC_MSGSEND = YES;
				GCC_C_LANGUAGE_STANDARD = gnu11;
				GCC_NO_COMMON_BLOCKS = YES;
				GCC_WARN_64_TO_32_BIT_CONVERSION = YES;
				GCC_WARN_ABOUT_RETURN_TYPE = YES_ERROR;
				GCC_WARN_UNDECLARED_SELECTOR = YES;
				GCC_WARN_UNINITIALIZED_AUTOS = YES_AGGRESSIVE;
				GCC_WARN_UNUSED_FUNCTION = YES;
				GCC_WARN_UNUSED_VARIABLE = YES;
				MACOSX_DEPLOYMENT_TARGET = 12.1;
				MTL_ENABLE_DEBUG_INFO = NO;
				MTL_FAST_MATH = YES;
				SDKROOT = macosx;
			};
			name = Release;
		};
		6097462827D62F1C008E494A /* Debug */ = {
			isa = XCBuildConfiguration;
			buildSettings = {
				CODE_SIGN_IDENTITY = "-";
				CODE_SIGN_STYLE = Automatic;
				DEVELOPMENT_TEAM = 3NP4Z3WZ94;
				ENABLE_HARDENED_RUNTIME = YES;
				PRODUCT_NAME = "$(TARGET_NAME)";
			};
			name = Debug;
		};
		6097462927D62F1C008E494A /* Release */ = {
			isa = XCBuildConfiguration;
			buildSettings = {
				CODE_SIGN_IDENTITY = "-";
				CODE_SIGN_STYLE = Automatic;
				DEVELOPMENT_TEAM = 3NP4Z3WZ94;
				ENABLE_HARDENED_RUNTIME = YES;
				PRODUCT_NAME = "$(TARGET_NAME)";
			};
			name = Release;
		};
		6097463327D62F77008E494A /* Debug */ = {
			isa = XCBuildConfiguration;
			buildSettings = {
				CODE_SIGN_IDENTITY = "-";
				CODE_SIGN_STYLE = Automatic;
				DEVELOPMENT_TEAM = 3NP4Z3WZ94;
				ENABLE_HARDENED_RUNTIME = YES;
				PRODUCT_NAME = "$(TARGET_NAME)";
			};
			name = Debug;
		};
		6097463427D62F77008E494A /* Release */ = {
			isa = XCBuildConfiguration;
			buildSettings = {
				CODE_SIGN_IDENTITY = "-";
				CODE_SIGN_STYLE = Automatic;
				DEVELOPMENT_TEAM = 3NP4Z3WZ94;
				ENABLE_HARDENED_RUNTIME = YES;
				PRODUCT_NAME = "$(TARGET_NAME)";
			};
			name = Release;
		};
		6098CE9B27E1A4FD00FDA8A5 /* Debug */ = {
			isa = XCBuildConfiguration;
			buildSettings = {
				CODE_SIGN_STYLE = Automatic;
				DEVELOPMENT_TEAM = 3NP4Z3WZ94;
				ENABLE_HARDENED_RUNTIME = YES;
				MACOSX_DEPLOYMENT_TARGET = 12.2;
				PRODUCT_NAME = "$(TARGET_NAME)";
			};
			name = Debug;
		};
		6098CE9C27E1A4FD00FDA8A5 /* Release */ = {
			isa = XCBuildConfiguration;
			buildSettings = {
				CODE_SIGN_STYLE = Automatic;
				DEVELOPMENT_TEAM = 3NP4Z3WZ94;
				ENABLE_HARDENED_RUNTIME = YES;
				MACOSX_DEPLOYMENT_TARGET = 12.2;
				PRODUCT_NAME = "$(TARGET_NAME)";
			};
			name = Release;
		};
		6098CEA727E1A9F100FDA8A5 /* Debug */ = {
			isa = XCBuildConfiguration;
			buildSettings = {
				CODE_SIGN_STYLE = Automatic;
				DEVELOPMENT_TEAM = 3NP4Z3WZ94;
				ENABLE_HARDENED_RUNTIME = YES;
				MACOSX_DEPLOYMENT_TARGET = 12.2;
				PRODUCT_NAME = "$(TARGET_NAME)";
			};
			name = Debug;
		};
		6098CEA827E1A9F100FDA8A5 /* Release */ = {
			isa = XCBuildConfiguration;
			buildSettings = {
				CODE_SIGN_STYLE = Automatic;
				DEVELOPMENT_TEAM = 3NP4Z3WZ94;
				ENABLE_HARDENED_RUNTIME = YES;
				MACOSX_DEPLOYMENT_TARGET = 12.2;
				PRODUCT_NAME = "$(TARGET_NAME)";
			};
			name = Release;
		};
		60A485AE27E0515A00ECBC34 /* Debug */ = {
			isa = XCBuildConfiguration;
			buildSettings = {
				CODE_SIGN_IDENTITY = "-";
				CODE_SIGN_STYLE = Automatic;
				DEVELOPMENT_TEAM = 3NP4Z3WZ94;
				ENABLE_HARDENED_RUNTIME = YES;
				PRODUCT_NAME = "$(TARGET_NAME)";
			};
			name = Debug;
		};
		60A485AF27E0515A00ECBC34 /* Release */ = {
			isa = XCBuildConfiguration;
			buildSettings = {
				CODE_SIGN_IDENTITY = "-";
				CODE_SIGN_STYLE = Automatic;
				DEVELOPMENT_TEAM = 3NP4Z3WZ94;
				ENABLE_HARDENED_RUNTIME = YES;
				PRODUCT_NAME = "$(TARGET_NAME)";
			};
			name = Release;
		};
		60A485BA27E053F900ECBC34 /* Debug */ = {
			isa = XCBuildConfiguration;
			buildSettings = {
				CODE_SIGN_IDENTITY = "-";
				CODE_SIGN_STYLE = Automatic;
				DEVELOPMENT_TEAM = 3NP4Z3WZ94;
				ENABLE_HARDENED_RUNTIME = YES;
				PRODUCT_NAME = "$(TARGET_NAME)";
			};
			name = Debug;
		};
		60A485BB27E053F900ECBC34 /* Release */ = {
			isa = XCBuildConfiguration;
			buildSettings = {
				CODE_SIGN_IDENTITY = "-";
				CODE_SIGN_STYLE = Automatic;
				DEVELOPMENT_TEAM = 3NP4Z3WZ94;
				ENABLE_HARDENED_RUNTIME = YES;
				PRODUCT_NAME = "$(TARGET_NAME)";
			};
			name = Release;
		};
		60A485C527E05C1500ECBC34 /* Debug */ = {
			isa = XCBuildConfiguration;
			buildSettings = {
				CODE_SIGN_IDENTITY = "-";
				CODE_SIGN_STYLE = Automatic;
				DEVELOPMENT_TEAM = 3NP4Z3WZ94;
				ENABLE_HARDENED_RUNTIME = YES;
				PRODUCT_NAME = "$(TARGET_NAME)";
			};
			name = Debug;
		};
		60A485C627E05C1500ECBC34 /* Release */ = {
			isa = XCBuildConfiguration;
			buildSettings = {
				CODE_SIGN_IDENTITY = "-";
				CODE_SIGN_STYLE = Automatic;
				DEVELOPMENT_TEAM = 3NP4Z3WZ94;
				ENABLE_HARDENED_RUNTIME = YES;
				PRODUCT_NAME = "$(TARGET_NAME)";
			};
			name = Release;
		};
		60A485D027E0631600ECBC34 /* Debug */ = {
			isa = XCBuildConfiguration;
			buildSettings = {
				CODE_SIGN_IDENTITY = "-";
				CODE_SIGN_STYLE = Automatic;
				DEVELOPMENT_TEAM = 3NP4Z3WZ94;
				ENABLE_HARDENED_RUNTIME = YES;
				PRODUCT_NAME = "$(TARGET_NAME)";
			};
			name = Debug;
		};
		60A485D127E0631600ECBC34 /* Release */ = {
			isa = XCBuildConfiguration;
			buildSettings = {
				CODE_SIGN_IDENTITY = "-";
				CODE_SIGN_STYLE = Automatic;
				DEVELOPMENT_TEAM = 3NP4Z3WZ94;
				ENABLE_HARDENED_RUNTIME = YES;
				PRODUCT_NAME = "$(TARGET_NAME)";
			};
			name = Release;
		};
		60A485DB27E0676700ECBC34 /* Debug */ = {
			isa = XCBuildConfiguration;
			buildSettings = {
				CODE_SIGN_IDENTITY = "-";
				CODE_SIGN_STYLE = Automatic;
				DEVELOPMENT_TEAM = 3NP4Z3WZ94;
				ENABLE_HARDENED_RUNTIME = YES;
				PRODUCT_NAME = "$(TARGET_NAME)";
			};
			name = Debug;
		};
		60A485DC27E0676700ECBC34 /* Release */ = {
			isa = XCBuildConfiguration;
			buildSettings = {
				CODE_SIGN_IDENTITY = "-";
				CODE_SIGN_STYLE = Automatic;
				DEVELOPMENT_TEAM = 3NP4Z3WZ94;
				ENABLE_HARDENED_RUNTIME = YES;
				PRODUCT_NAME = "$(TARGET_NAME)";
			};
			name = Release;
		};
		60A485E627E0762B00ECBC34 /* Debug */ = {
			isa = XCBuildConfiguration;
			buildSettings = {
				CODE_SIGN_IDENTITY = "-";
				CODE_SIGN_STYLE = Automatic;
				DEVELOPMENT_TEAM = 3NP4Z3WZ94;
				ENABLE_HARDENED_RUNTIME = YES;
				PRODUCT_NAME = "$(TARGET_NAME)";
			};
			name = Debug;
		};
		60A485E727E0762B00ECBC34 /* Release */ = {
			isa = XCBuildConfiguration;
			buildSettings = {
				CODE_SIGN_IDENTITY = "-";
				CODE_SIGN_STYLE = Automatic;
				DEVELOPMENT_TEAM = 3NP4Z3WZ94;
				ENABLE_HARDENED_RUNTIME = YES;
				PRODUCT_NAME = "$(TARGET_NAME)";
			};
			name = Release;
		};
		60B8C59C27DF1599004F9E7C /* Debug */ = {
			isa = XCBuildConfiguration;
			buildSettings = {
				CODE_SIGN_IDENTITY = "-";
				CODE_SIGN_STYLE = Automatic;
				DEVELOPMENT_TEAM = 3NP4Z3WZ94;
				ENABLE_HARDENED_RUNTIME = YES;
				PRODUCT_NAME = "$(TARGET_NAME)";
			};
			name = Debug;
		};
		60B8C59D27DF1599004F9E7C /* Release */ = {
			isa = XCBuildConfiguration;
			buildSettings = {
				CODE_SIGN_IDENTITY = "-";
				CODE_SIGN_STYLE = Automatic;
				DEVELOPMENT_TEAM = 3NP4Z3WZ94;
				ENABLE_HARDENED_RUNTIME = YES;
				PRODUCT_NAME = "$(TARGET_NAME)";
			};
			name = Release;
		};
		60F2E2E827DCD1490005B71E /* Debug */ = {
			isa = XCBuildConfiguration;
			buildSettings = {
				CODE_SIGN_IDENTITY = "-";
				CODE_SIGN_STYLE = Automatic;
				DEVELOPMENT_TEAM = 3NP4Z3WZ94;
				ENABLE_HARDENED_RUNTIME = YES;
				PRODUCT_NAME = "$(TARGET_NAME)";
			};
			name = Debug;
		};
		60F2E2E927DCD1490005B71E /* Release */ = {
			isa = XCBuildConfiguration;
			buildSettings = {
				CODE_SIGN_IDENTITY = "-";
				CODE_SIGN_STYLE = Automatic;
				DEVELOPMENT_TEAM = 3NP4Z3WZ94;
				ENABLE_HARDENED_RUNTIME = YES;
				PRODUCT_NAME = "$(TARGET_NAME)";
			};
			name = Release;
		};
/* End XCBuildConfiguration section */

/* Begin XCConfigurationList section */
		6027DD0B27D8C589006EBC1B /* Build configuration list for PBXNativeTarget "1647" */ = {
			isa = XCConfigurationList;
			buildConfigurations = (
				6027DD0927D8C589006EBC1B /* Debug */,
				6027DD0A27D8C589006EBC1B /* Release */,
			);
			defaultConfigurationIsVisible = 0;
			defaultConfigurationName = Release;
		};
		6035EE1127E0899D005E34E5 /* Build configuration list for PBXNativeTarget "12852" */ = {
			isa = XCConfigurationList;
			buildConfigurations = (
				6035EE0F27E0899D005E34E5 /* Debug */,
				6035EE1027E0899D005E34E5 /* Release */,
			);
			defaultConfigurationIsVisible = 0;
			defaultConfigurationName = Release;
		};
		6052475027DE324000803118 /* Build configuration list for PBXNativeTarget "11057" */ = {
			isa = XCConfigurationList;
			buildConfigurations = (
				6052474E27DE324000803118 /* Debug */,
				6052474F27DE324000803118 /* Release */,
			);
			defaultConfigurationIsVisible = 0;
			defaultConfigurationName = Release;
		};
		607F0A5727DB6D5400D4A597 /* Build configuration list for PBXNativeTarget "9252" */ = {
			isa = XCConfigurationList;
			buildConfigurations = (
				607F0A5527DB6D5400D4A597 /* Debug */,
				607F0A5627DB6D5400D4A597 /* Release */,
			);
			defaultConfigurationIsVisible = 0;
			defaultConfigurationName = Release;
		};
		607F0A6027DB7B3600D4A597 /* Build configuration list for PBXNativeTarget "9251" */ = {
			isa = XCConfigurationList;
			buildConfigurations = (
				607F0A6127DB7B3600D4A597 /* Debug */,
				607F0A6227DB7B3600D4A597 /* Release */,
			);
			defaultConfigurationIsVisible = 0;
			defaultConfigurationName = Release;
		};
		608520DB27D9B15B00234956 /* Build configuration list for PBXNativeTarget "17404" */ = {
			isa = XCConfigurationList;
			buildConfigurations = (
				608520D927D9B15B00234956 /* Debug */,
				608520DA27D9B15B00234956 /* Release */,
			);
			defaultConfigurationIsVisible = 0;
			defaultConfigurationName = Release;
		};
		608F63AF27E2C64400E48E76 /* Build configuration list for PBXNativeTarget "12851" */ = {
			isa = XCConfigurationList;
			buildConfigurations = (
				608F63AD27E2C64400E48E76 /* Debug */,
				608F63AE27E2C64400E48E76 /* Release */,
			);
			defaultConfigurationIsVisible = 0;
			defaultConfigurationName = Release;
		};
		6097461027D62F05008E494A /* Build configuration list for PBXProject "BOJ" */ = {
			isa = XCConfigurationList;
			buildConfigurations = (
				6097461A27D62F05008E494A /* Debug */,
				6097461B27D62F05008E494A /* Release */,
			);
			defaultConfigurationIsVisible = 0;
			defaultConfigurationName = Release;
		};
		6097462727D62F1C008E494A /* Build configuration list for PBXNativeTarget "1987" */ = {
			isa = XCConfigurationList;
			buildConfigurations = (
				6097462827D62F1C008E494A /* Debug */,
				6097462927D62F1C008E494A /* Release */,
			);
			defaultConfigurationIsVisible = 0;
			defaultConfigurationName = Release;
		};
		6097463227D62F77008E494A /* Build configuration list for PBXNativeTarget "2467" */ = {
			isa = XCConfigurationList;
			buildConfigurations = (
				6097463327D62F77008E494A /* Debug */,
				6097463427D62F77008E494A /* Release */,
			);
			defaultConfigurationIsVisible = 0;
			defaultConfigurationName = Release;
		};
		6098CE9D27E1A4FD00FDA8A5 /* Build configuration list for PBXNativeTarget "11055" */ = {
			isa = XCConfigurationList;
			buildConfigurations = (
				6098CE9B27E1A4FD00FDA8A5 /* Debug */,
				6098CE9C27E1A4FD00FDA8A5 /* Release */,
			);
			defaultConfigurationIsVisible = 0;
			defaultConfigurationName = Release;
		};
		6098CEA627E1A9F100FDA8A5 /* Build configuration list for PBXNativeTarget "15486" */ = {
			isa = XCConfigurationList;
			buildConfigurations = (
				6098CEA727E1A9F100FDA8A5 /* Debug */,
				6098CEA827E1A9F100FDA8A5 /* Release */,
			);
			defaultConfigurationIsVisible = 0;
			defaultConfigurationName = Release;
		};
		60A485B027E0515A00ECBC34 /* Build configuration list for PBXNativeTarget "1463" */ = {
			isa = XCConfigurationList;
			buildConfigurations = (
				60A485AE27E0515A00ECBC34 /* Debug */,
				60A485AF27E0515A00ECBC34 /* Release */,
			);
			defaultConfigurationIsVisible = 0;
			defaultConfigurationName = Release;
		};
		60A485B927E053F900ECBC34 /* Build configuration list for PBXNativeTarget "9095" */ = {
			isa = XCConfigurationList;
			buildConfigurations = (
				60A485BA27E053F900ECBC34 /* Debug */,
				60A485BB27E053F900ECBC34 /* Release */,
			);
			defaultConfigurationIsVisible = 0;
			defaultConfigurationName = Release;
		};
		60A485C427E05C1500ECBC34 /* Build configuration list for PBXNativeTarget "2579" */ = {
			isa = XCConfigurationList;
			buildConfigurations = (
				60A485C527E05C1500ECBC34 /* Debug */,
				60A485C627E05C1500ECBC34 /* Release */,
			);
			defaultConfigurationIsVisible = 0;
			defaultConfigurationName = Release;
		};
		60A485CF27E0631600ECBC34 /* Build configuration list for PBXNativeTarget "1149" */ = {
			isa = XCConfigurationList;
			buildConfigurations = (
				60A485D027E0631600ECBC34 /* Debug */,
				60A485D127E0631600ECBC34 /* Release */,
			);
			defaultConfigurationIsVisible = 0;
			defaultConfigurationName = Release;
		};
		60A485DA27E0676700ECBC34 /* Build configuration list for PBXNativeTarget "11726" */ = {
			isa = XCConfigurationList;
			buildConfigurations = (
				60A485DB27E0676700ECBC34 /* Debug */,
				60A485DC27E0676700ECBC34 /* Release */,
			);
			defaultConfigurationIsVisible = 0;
			defaultConfigurationName = Release;
		};
		60A485E527E0762B00ECBC34 /* Build configuration list for PBXNativeTarget "11659" */ = {
			isa = XCConfigurationList;
			buildConfigurations = (
				60A485E627E0762B00ECBC34 /* Debug */,
				60A485E727E0762B00ECBC34 /* Release */,
			);
			defaultConfigurationIsVisible = 0;
			defaultConfigurationName = Release;
		};
		60B8C59E27DF1599004F9E7C /* Build configuration list for PBXNativeTarget "5014" */ = {
			isa = XCConfigurationList;
			buildConfigurations = (
				60B8C59C27DF1599004F9E7C /* Debug */,
				60B8C59D27DF1599004F9E7C /* Release */,
			);
			defaultConfigurationIsVisible = 0;
			defaultConfigurationName = Release;
		};
		60F2E2E727DCD1490005B71E /* Build configuration list for PBXNativeTarget "2565" */ = {
			isa = XCConfigurationList;
			buildConfigurations = (
				60F2E2E827DCD1490005B71E /* Debug */,
				60F2E2E927DCD1490005B71E /* Release */,
			);
			defaultConfigurationIsVisible = 0;
			defaultConfigurationName = Release;
		};
/* End XCConfigurationList section */
	};
	rootObject = 6097460D27D62F05008E494A /* Project object */;
}
